
Microsoft Visual Studio Solution File, Format Version 12.00
# Visual Studio Version 17
VisualStudioVersion = 17.14.36327.8 d17.14
MinimumVisualStudioVersion = 10.0.40219.1
Project("{FAE04EC0-301F-11D3-BF4B-00C04F79EFBC}") = "BookingService", "BookingService.csproj", "{2583F04C-B69F-F867-F5B6-2AE844B7AE88}"
EndProject
Project("{FAE04EC0-301F-11D3-BF4B-00C04F79EFBC}") = "ConsoleTestApp", "..\ConsoleTestApp\ConsoleTestApp.csproj", "{77D1C3D2-08CF-4983-85E9-231BC56A225B}"
EndProject
Global
	GlobalSection(SolutionConfigurationPlatforms) = preSolution
		Debug|Any CPU = Debug|Any CPU
		Release|Any CPU = Release|Any CPU
	EndGlobalSection
	GlobalSection(ProjectConfigurationPlatforms) = postSolution
		{2583F04C-B69F-F867-F5B6-2AE844B7AE88}.Debug|Any CPU.ActiveCfg = Debug|Any CPU
		{2583F04C-B69F-F867-F5B6-2AE844B7AE88}.Debug|Any CPU.Build.0 = Debug|Any CPU
		{2583F04C-B69F-F867-F5B6-2AE844B7AE88}.Release|Any CPU.ActiveCfg = Release|Any CPU
		{2583F04C-B69F-F867-F5B6-2AE844B7AE88}.Release|Any CPU.Build.0 = Release|Any CPU
		{77D1C3D2-08CF-4983-85E9-231BC56A225B}.Debug|Any CPU.ActiveCfg = Debug|Any CPU
		{77D1C3D2-08CF-4983-85E9-231BC56A225B}.Debug|Any CPU.Build.0 = Debug|Any CPU
		{77D1C3D2-08CF-4983-85E9-231BC56A225B}.Release|Any CPU.ActiveCfg = Release|Any CPU
		{77D1C3D2-08CF-4983-85E9-231BC56A225B}.Release|Any CPU.Build.0 = Release|Any CPU
	EndGlobalSection
	GlobalSection(SolutionProperties) = preSolution
		HideSolutionNode = FALSE
	EndGlobalSection
	GlobalSection(ExtensibilityGlobals) = postSolution
		SolutionGuid = {A1F57620-B0F9-458B-BA43-3C37EA087319}
	EndGlobalSection
EndGlobal
